
Microsoft Visual Studio Solution File, Format Version 12.00
# Visual Studio Version 16
VisualStudioVersion = 16.0.30608.117
MinimumVisualStudioVersion = 10.0.40219.1
Project("{9A19103F-16F7-4668-BE54-9A1E7A4F7556}") = "AoC2020.Blazor", "AoC2020.Blazor.csproj", "{28815C24-EF7F-4D4C-A51B-B904085825C2}"
EndProject
Global
	GlobalSection(SolutionConfigurationPlatforms) = preSolution
		Debug|Any CPU = Debug|Any CPU
		Release|Any CPU = Release|Any CPU
	EndGlobalSection
	GlobalSection(ProjectConfigurationPlatforms) = postSolution
		{28815C24-EF7F-4D4C-A51B-B904085825C2}.Debug|Any CPU.ActiveCfg = Debug|Any CPU
		{28815C24-EF7F-4D4C-A51B-B904085825C2}.Debug|Any CPU.Build.0 = Debug|Any CPU
		{28815C24-EF7F-4D4C-A51B-B904085825C2}.Release|Any CPU.ActiveCfg = Release|Any CPU
		{28815C24-EF7F-4D4C-A51B-B904085825C2}.Release|Any CPU.Build.0 = Release|Any CPU
	EndGlobalSection
	GlobalSection(SolutionProperties) = preSolution
		HideSolutionNode = FALSE
	EndGlobalSection
	GlobalSection(ExtensibilityGlobals) = postSolution
		SolutionGuid = {C7BB7BC1-3080-44DA-8630-5E15693EEC4C}
	EndGlobalSection
EndGlobal
